<?xml version="1.0" encoding="utf-8"?>
<Project ToolsVersion="4.0" xmlns="http://schemas.microsoft.com/developer/msbuild/2003">
  <ItemGroup>
    <Filter Include="Lua_Script">
      <UniqueIdentifier>{402427a5-2ef7-4a40-a5f5-e4075dd19599}</UniqueIdentifier>
    </Filter>
    <Filter Include="Lua_Script\Monster">
      <UniqueIdentifier>{08b62256-cef3-4274-83a8-ce19baebd038}</UniqueIdentifier>
    </Filter>
    <Filter Include="Lua_Script\Boss">
      <UniqueIdentifier>{1dccc375-6d79-4a66-ab70-0299b71c4952}</UniqueIdentifier>
    </Filter>
    <Filter Include="ObjectClass">
      <UniqueIdentifier>{2833f11f-da31-49ac-9671-559587874bcf}</UniqueIdentifier>
    </Filter>
    <Filter Include="ObjectClass\Player">
      <UniqueIdentifier>{eec3d283-6dfd-4f77-8191-7f3ed13a3785}</UniqueIdentifier>
    </Filter>
    <Filter Include="ObjectClass\Npc">
      <UniqueIdentifier>{76370a4c-24f2-4096-9ec7-af9711102804}</UniqueIdentifier>
    </Filter>
    <Filter Include="ObjectClass\Obstacle">
      <UniqueIdentifier>{d4317113-52b4-4593-a84d-dbe4c381b96b}</UniqueIdentifier>
    </Filter>
    <Filter Include="NetWork">
      <UniqueIdentifier>{3381962e-846f-4bc5-8951-841202567834}</UniqueIdentifier>
    </Filter>
    <Filter Include="NetWork\Sector">
      <UniqueIdentifier>{075ed5e7-480f-40f8-8089-288072c87460}</UniqueIdentifier>
    </Filter>
    <Filter Include="ObjectClass\Gaia">
      <UniqueIdentifier>{60af3b06-665a-4429-b80a-b3a7be0626c0}</UniqueIdentifier>
    </Filter>
    <Filter Include="ObjectClass\Skill">
      <UniqueIdentifier>{84b2dbe7-f2c1-41c3-a163-5da171d16cb5}</UniqueIdentifier>
    </Filter>
    <Filter Include="Lua_Script\include">
      <UniqueIdentifier>{f9eabd94-4622-4e29-8ddf-6441f99bfe16}</UniqueIdentifier>
    </Filter>
    <Filter Include="NetWork\SectorManager">
      <UniqueIdentifier>{22ecaf80-7215-4fe6-8c3f-dd4aa403c66b}</UniqueIdentifier>
    </Filter>
    <Filter Include="NetWork\ObjectManager">
      <UniqueIdentifier>{2b4d015f-e6b2-4883-8e6c-4a859a13f18a}</UniqueIdentifier>
    </Filter>
    <Filter Include="NetWork\PacketManager">
      <UniqueIdentifier>{122f3138-42a0-45bf-aaf6-1f83479d5a7c}</UniqueIdentifier>
    </Filter>
    <Filter Include="NetWork\SendFunction">
      <UniqueIdentifier>{e5644b8a-ddd2-4f44-af98-0839bbbd50aa}</UniqueIdentifier>
    </Filter>
    <Filter Include="Lua_Script\LuaFunction">
      <UniqueIdentifier>{19f260d4-6efd-43e8-a93c-d739e0c8e66e}</UniqueIdentifier>
    </Filter>
    <Filter Include="JobFunction">
      <UniqueIdentifier>{9e0e689b-7059-4f04-a797-fc0b5bedd084}</UniqueIdentifier>
    </Filter>
    <Filter Include="JobFunction\Diller">
      <UniqueIdentifier>{234c07b5-5302-448f-91d6-64a517f5e07e}</UniqueIdentifier>
    </Filter>
    <Filter Include="JobFunction\Tanker">
      <UniqueIdentifier>{2b02b8c2-fffa-44e7-ae46-dab2f07747ef}</UniqueIdentifier>
    </Filter>
    <Filter Include="JobFunction\Supporter">
      <UniqueIdentifier>{ed5c8ed2-0f8c-43af-8bdc-413bfc0be336}</UniqueIdentifier>
    </Filter>
    <Filter Include="JobFunction\Magician">
      <UniqueIdentifier>{22f7b872-6040-4c6d-bf75-6b8cd0238b4c}</UniqueIdentifier>
    </Filter>
    <Filter Include="ObjectClass\Partner">
      <UniqueIdentifier>{00b1465b-59dd-48a3-9970-ac2c5f6afb42}</UniqueIdentifier>
    </Filter>
    <Filter Include="NetWork\TimerManager">
      <UniqueIdentifier>{a6f41331-e5ee-43c0-8a90-d2a65c0a810a}</UniqueIdentifier>
    </Filter>
    <Filter Include="NetWork\EXP_OVER">
      <UniqueIdentifier>{f301979e-4daa-4f13-8953-0793676031d9}</UniqueIdentifier>
    </Filter>
    <Filter Include="NetWork\Database">
      <UniqueIdentifier>{9ac3e937-bf23-4f7e-b286-bdeb44627b93}</UniqueIdentifier>
    </Filter>
  </ItemGroup>
  <ItemGroup>
    <ClCompile Include="Partner.cpp">
      <Filter>ObjectClass\Partner</Filter>
    </ClCompile>
    <ClCompile Include="Player.cpp">
      <Filter>ObjectClass\Player</Filter>
    </ClCompile>
    <ClCompile Include="Npc.cpp">
      <Filter>ObjectClass\Npc</Filter>
    </ClCompile>
    <ClCompile Include="Obstacle.cpp">
      <Filter>ObjectClass\Obstacle</Filter>
    </ClCompile>
    <ClCompile Include="SocketManager.cpp">
      <Filter>NetWork</Filter>
    </ClCompile>
    <ClCompile Include="Sector.cpp">
      <Filter>NetWork\Sector</Filter>
    </ClCompile>
    <ClCompile Include="Gaia.cpp">
      <Filter>ObjectClass\Gaia</Filter>
    </ClCompile>
    <ClCompile Include="SkillBuf.cpp">
      <Filter>ObjectClass\Skill</Filter>
    </ClCompile>
    <ClCompile Include="SSUServer.cpp">
      <Filter>NetWork</Filter>
    </ClCompile>
    <ClCompile Include="SectorManager.cpp">
      <Filter>NetWork\SectorManager</Filter>
    </ClCompile>
    <ClCompile Include="ObjectManager.cpp">
      <Filter>NetWork\ObjectManager</Filter>
    </ClCompile>
    <ClCompile Include="PacketManager.cpp">
      <Filter>NetWork\PacketManager</Filter>
    </ClCompile>
    <ClCompile Include="send.cpp">
      <Filter>NetWork\SendFunction</Filter>
    </ClCompile>
    <ClCompile Include="LuaFunction.cpp">
      <Filter>Lua_Script\LuaFunction</Filter>
    </ClCompile>
    <ClCompile Include="Diller.cpp">
      <Filter>JobFunction\Diller</Filter>
    </ClCompile>
    <ClCompile Include="Magician.cpp">
      <Filter>JobFunction\Magician</Filter>
    </ClCompile>
    <ClCompile Include="Tanker.cpp">
      <Filter>JobFunction\Tanker</Filter>
    </ClCompile>
    <ClCompile Include="Supporter.cpp">
      <Filter>JobFunction\Supporter</Filter>
    </ClCompile>
    <ClCompile Include="TimerManager.cpp">
      <Filter>NetWork\TimerManager</Filter>
    </ClCompile>
    <ClCompile Include="EXP_OVER.cpp">
      <Filter>NetWork\EXP_OVER</Filter>
    </ClCompile>
    <ClCompile Include="database.cpp">
      <Filter>NetWork\Database</Filter>
    </ClCompile>
  </ItemGroup>
  <ItemGroup>
    <None Include="fallen_spider.lua">
      <Filter>Lua_Script\Monster</Filter>
    </None>
    <None Include="fallen_rabbit.lua">
      <Filter>Lua_Script\Monster</Filter>
    </None>
    <None Include="fallen_monkey.lua">
      <Filter>Lua_Script\Monster</Filter>
    </None>
    <None Include="fallen_frog.lua">
      <Filter>Lua_Script\Monster</Filter>
    </None>
    <None Include="fallen_pig.lua">
      <Filter>Lua_Script\Monster</Filter>
    </None>
    <None Include="wolf_boss.lua">
      <Filter>Lua_Script\Monster</Filter>
    </None>
    <None Include="Raid_Gaia.lua">
      <Filter>Lua_Script\Boss</Filter>
    </None>
  </ItemGroup>
  <ItemGroup>
    <ClInclude Include="Partner.h">
      <Filter>ObjectClass\Partner</Filter>
    </ClInclude>
    <ClInclude Include="Player.h">
      <Filter>ObjectClass\Player</Filter>
    </ClInclude>
    <ClInclude Include="Obstacle.h">
      <Filter>ObjectClass\Obstacle</Filter>
    </ClInclude>
    <ClInclude Include="Npc.h">
      <Filter>ObjectClass\Npc</Filter>
    </ClInclude>
    <ClInclude Include="protocol.h">
      <Filter>NetWork</Filter>
    </ClInclude>
    <ClInclude Include="SocketManager.h">
      <Filter>NetWork</Filter>
    </ClInclude>
    <ClInclude Include="stdafx.h">
      <Filter>NetWork</Filter>
    </ClInclude>
    <ClInclude Include="Sector.h">
      <Filter>NetWork\Sector</Filter>
    </ClInclude>
    <ClInclude Include="Gaia.h">
      <Filter>ObjectClass\Gaia</Filter>
    </ClInclude>
    <ClInclude Include="SkillBuf.h">
      <Filter>ObjectClass\Skill</Filter>
    </ClInclude>
    <ClInclude Include="include\lauxlib.h">
      <Filter>Lua_Script\include</Filter>
    </ClInclude>
    <ClInclude Include="include\lua.h">
      <Filter>Lua_Script\include</Filter>
    </ClInclude>
    <ClInclude Include="include\lua.hpp">
      <Filter>Lua_Script\include</Filter>
    </ClInclude>
    <ClInclude Include="include\luaconf.h">
      <Filter>Lua_Script\include</Filter>
    </ClInclude>
    <ClInclude Include="include\lualib.h">
      <Filter>Lua_Script\include</Filter>
    </ClInclude>
    <ClInclude Include="SectorManager.h">
      <Filter>NetWork\SectorManager</Filter>
    </ClInclude>
    <ClInclude Include="ObjectManager.h">
      <Filter>NetWork\ObjectManager</Filter>
    </ClInclude>
    <ClInclude Include="PacketManager.h">
      <Filter>NetWork\PacketManager</Filter>
    </ClInclude>
    <ClInclude Include="send.h">
      <Filter>NetWork\SendFunction</Filter>
    </ClInclude>
    <ClInclude Include="LuaFunction.h">
      <Filter>Lua_Script\LuaFunction</Filter>
    </ClInclude>
    <ClInclude Include="AllJobHeader.h">
      <Filter>JobFunction</Filter>
    </ClInclude>
    <ClInclude Include="Diller.h">
      <Filter>JobFunction\Diller</Filter>
    </ClInclude>
    <ClInclude Include="Magician.h">
      <Filter>JobFunction\Magician</Filter>
    </ClInclude>
    <ClInclude Include="Tanker.h">
      <Filter>JobFunction\Tanker</Filter>
    </ClInclude>
    <ClInclude Include="Supporter.h">
      <Filter>JobFunction\Supporter</Filter>
    </ClInclude>
    <ClInclude Include="TimerManager.h">
      <Filter>NetWork\TimerManager</Filter>
    </ClInclude>
    <ClInclude Include="EXP_OVER.h">
      <Filter>NetWork\EXP_OVER</Filter>
    </ClInclude>
    <ClInclude Include="database.h">
      <Filter>NetWork\Database</Filter>
    </ClInclude>
  </ItemGroup>
</Project>